
Microsoft Visual Studio Solution File, Format Version 12.00
# Visual Studio Version 17
VisualStudioVersion = 17.10.35027.167
MinimumVisualStudioVersion = 10.0.40219.1
Project("{FAE04EC0-301F-11D3-BF4B-00C04F79EFBC}") = "EjercicioClase", "EjercicioClase\EjercicioClase.csproj", "{0EF90971-A915-4823-B81A-771C463485FC}"
EndProject
Global
	GlobalSection(SolutionConfigurationPlatforms) = preSolution
		Debug|Any CPU = Debug|Any CPU
		Release|Any CPU = Release|Any CPU
	EndGlobalSection
	GlobalSection(ProjectConfigurationPlatforms) = postSolution
		{0EF90971-A915-4823-B81A-771C463485FC}.Debug|Any CPU.ActiveCfg = Debug|Any CPU
		{0EF90971-A915-4823-B81A-771C463485FC}.Debug|Any CPU.Build.0 = Debug|Any CPU
		{0EF90971-A915-4823-B81A-771C463485FC}.Release|Any CPU.ActiveCfg = Release|Any CPU
		{0EF90971-A915-4823-B81A-771C463485FC}.Release|Any CPU.Build.0 = Release|Any CPU
	EndGlobalSection
	GlobalSection(SolutionProperties) = preSolution
		HideSolutionNode = FALSE
	EndGlobalSection
	GlobalSection(ExtensibilityGlobals) = postSolution
		SolutionGuid = {8D0D1B9C-64BE-4676-B55B-F8CCA2D3D762}
	EndGlobalSection
EndGlobal
